<?xml version="1.0" encoding="utf-8"?>
<Project ToolsVersion="4.0" xmlns="http://schemas.microsoft.com/developer/msbuild/2003">
  <ItemGroup>
    <Filter Include="Source Files">
      <UniqueIdentifier>{4FC737F1-C7A5-4376-A066-2A32D752A2FF}</UniqueIdentifier>
      <Extensions>cpp;c;cc;cxx;def;odl;idl;hpj;bat;asm;asmx</Extensions>
    </Filter>
    <Filter Include="Header Files">
      <UniqueIdentifier>{93995380-89BD-4b04-88EB-625FBE52EBFB}</UniqueIdentifier>
      <Extensions>h;hh;hpp;hxx;hm;inl;inc;ipp;xsd</Extensions>
    </Filter>
    <Filter Include="Resource Files">
      <UniqueIdentifier>{67DA6AB6-F800-4c08-8B7A-83BB121AAD01}</UniqueIdentifier>
      <Extensions>rc;ico;cur;bmp;dlg;rc2;rct;bin;rgs;gif;jpg;jpeg;jpe;resx;tiff;tif;png;wav;mfcribbon-ms</Extensions>
    </Filter>
    <Filter Include="Header Files\File Readers">
      <UniqueIdentifier>{cf34be3d-9ccf-4ecc-9245-5d50a7f16f4b}</UniqueIdentifier>
    </Filter>
    <Filter Include="Source Files\File Readers">
      <UniqueIdentifier>{bc7d0442-bf5c-478d-b714-e26dde2fb88f}</UniqueIdentifier>
    </Filter>
    <Filter Include="Source Files\Services">
      <UniqueIdentifier>{bebd54be-1bed-4b03-95c0-b7b47e0b4691}</UniqueIdentifier>
    </Filter>
    <Filter Include="Header Files\Services">
      <UniqueIdentifier>{e249a4c8-1a3b-405e-af77-11dde794d687}</UniqueIdentifier>
    </Filter>
    <Filter Include="Header Files\Model">
      <UniqueIdentifier>{afe5a745-45ab-4c36-a9b1-63408413ff81}</UniqueIdentifier>
    </Filter>
    <Filter Include="Source Files\Model">
      <UniqueIdentifier>{54b10bd5-94e4-4aa2-8a01-9ee2e267b88c}</UniqueIdentifier>
    </Filter>
  </ItemGroup>
  <ItemGroup>
    <ClCompile Include="ModelLoader.cpp">
      <Filter>Source Files</Filter>
    </ClCompile>
    <ClCompile Include="ShaderProgram.cpp">
      <Filter>Source Files</Filter>
    </ClCompile>
    <ClCompile Include="ShaderLoader.cpp">
      <Filter>Source Files</Filter>
    </ClCompile>
    <ClCompile Include="DaeReader.cpp">
      <Filter>Source Files\File Readers</Filter>
    </ClCompile>
    <ClCompile Include="ObjReader.cpp">
      <Filter>Source Files\File Readers</Filter>
    </ClCompile>
    <ClCompile Include="GLEWServices.cpp">
      <Filter>Source Files\Services</Filter>
    </ClCompile>
    <ClCompile Include="ConsoleServices.cpp">
      <Filter>Source Files\Services</Filter>
    </ClCompile>
    <ClCompile Include="GLFWServices.cpp">
      <Filter>Source Files\Services</Filter>
    </ClCompile>
    <ClCompile Include="Mesh.cpp">
      <Filter>Source Files\Model</Filter>
    </ClCompile>
    <ClCompile Include="Model.cpp">
      <Filter>Source Files\Model</Filter>
    </ClCompile>
    <ClCompile Include="Object.cpp">
      <Filter>Source Files\Model</Filter>
    </ClCompile>
  </ItemGroup>
  <ItemGroup>
    <None Include="packages.config" />
    <None Include="media\triangles.frag">
      <Filter>Resource Files</Filter>
    </None>
    <None Include="media\triangles.vert">
      <Filter>Resource Files</Filter>
    </None>
  </ItemGroup>
  <ItemGroup>
    <ClInclude Include="ShaderProgram.h">
      <Filter>Header Files</Filter>
    </ClInclude>
    <ClInclude Include="ShaderLoader.h">
      <Filter>Header Files</Filter>
    </ClInclude>
    <ClInclude Include="ConsoleServices.h">
      <Filter>Header Files\Services</Filter>
    </ClInclude>
    <ClInclude Include="GLEWServices.h">
      <Filter>Header Files\Services</Filter>
    </ClInclude>
    <ClInclude Include="GLFWServices.h">
      <Filter>Header Files\Services</Filter>
    </ClInclude>
    <ClInclude Include="Material.h">
      <Filter>Header Files\Model</Filter>
    </ClInclude>
    <ClInclude Include="Mesh.h">
      <Filter>Header Files\Model</Filter>
    </ClInclude>
    <ClInclude Include="Model.h">
      <Filter>Header Files\Model</Filter>
    </ClInclude>
    <ClInclude Include="Object.h">
      <Filter>Header Files\Model</Filter>
    </ClInclude>
    <ClInclude Include="Vertex.h">
      <Filter>Header Files\Model</Filter>
    </ClInclude>
    <ClInclude Include="ILoader.h">
      <Filter>Header Files\File Readers</Filter>
    </ClInclude>
    <ClInclude Include="DAELoader.h">
      <Filter>Header Files\File Readers</Filter>
    </ClInclude>
    <ClInclude Include="OBJLoader.h">
      <Filter>Header Files\File Readers</Filter>
    </ClInclude>
  </ItemGroup>
  <ItemGroup>
    <Image Include="media\textures\awesomeface.png">
      <Filter>Resource Files</Filter>
    </Image>
  </ItemGroup>
</Project>